
Microsoft Visual Studio Solution File, Format Version 12.00
# Visual Studio Version 17
VisualStudioVersion = 17.7.34221.43
MinimumVisualStudioVersion = 10.0.40219.1
Project("{FAE04EC0-301F-11D3-BF4B-00C04F79EFBC}") = "Cells0", "Cells0.csproj", "{75F9851B-9C48-4B30-A191-6254921BA321}"
EndProject
Project("{FAE04EC0-301F-11D3-BF4B-00C04F79EFBC}") = "Cells1", "..\Cells1\Cells1.csproj", "{8C993A51-78C1-4385-A09F-0055F557E58D}"
EndProject
Global
	GlobalSection(SolutionConfigurationPlatforms) = preSolution
		Debug|Any CPU = Debug|Any CPU
		Release|Any CPU = Release|Any CPU
	EndGlobalSection
	GlobalSection(ProjectConfigurationPlatforms) = postSolution
		{75F9851B-9C48-4B30-A191-6254921BA321}.Debug|Any CPU.ActiveCfg = Debug|Any CPU
		{75F9851B-9C48-4B30-A191-6254921BA321}.Debug|Any CPU.Build.0 = Debug|Any CPU
		{75F9851B-9C48-4B30-A191-6254921BA321}.Release|Any CPU.ActiveCfg = Release|Any CPU
		{75F9851B-9C48-4B30-A191-6254921BA321}.Release|Any CPU.Build.0 = Release|Any CPU
		{8C993A51-78C1-4385-A09F-0055F557E58D}.Debug|Any CPU.ActiveCfg = Debug|Any CPU
		{8C993A51-78C1-4385-A09F-0055F557E58D}.Debug|Any CPU.Build.0 = Debug|Any CPU
		{8C993A51-78C1-4385-A09F-0055F557E58D}.Release|Any CPU.ActiveCfg = Release|Any CPU
		{8C993A51-78C1-4385-A09F-0055F557E58D}.Release|Any CPU.Build.0 = Release|Any CPU
	EndGlobalSection
	GlobalSection(SolutionProperties) = preSolution
		HideSolutionNode = FALSE
	EndGlobalSection
	GlobalSection(ExtensibilityGlobals) = postSolution
		SolutionGuid = {C932F10F-BCBF-4925-A485-209B2BB955A9}
	EndGlobalSection
EndGlobal
